
Microsoft Visual Studio Solution File, Format Version 12.00
# Visual Studio Version 17
VisualStudioVersion = 17.3.32929.385
MinimumVisualStudioVersion = 10.0.40219.1
Project("{FAE04EC0-301F-11D3-BF4B-00C04F79EFBC}") = "Skrivebord", "Skrivebord\Skrivebord.csproj", "{2EB64A91-1D2F-4695-A58C-C1CC1BA754C2}"
EndProject
Global
	GlobalSection(SolutionConfigurationPlatforms) = preSolution
		Debug|Any CPU = Debug|Any CPU
		Release|Any CPU = Release|Any CPU
	EndGlobalSection
	GlobalSection(ProjectConfigurationPlatforms) = postSolution
		{2EB64A91-1D2F-4695-A58C-C1CC1BA754C2}.Debug|Any CPU.ActiveCfg = Debug|Any CPU
		{2EB64A91-1D2F-4695-A58C-C1CC1BA754C2}.Debug|Any CPU.Build.0 = Debug|Any CPU
		{2EB64A91-1D2F-4695-A58C-C1CC1BA754C2}.Release|Any CPU.ActiveCfg = Release|Any CPU
		{2EB64A91-1D2F-4695-A58C-C1CC1BA754C2}.Release|Any CPU.Build.0 = Release|Any CPU
	EndGlobalSection
	GlobalSection(SolutionProperties) = preSolution
		HideSolutionNode = FALSE
	EndGlobalSection
	GlobalSection(ExtensibilityGlobals) = postSolution
		SolutionGuid = {0EE26AEC-346A-4948-A818-E269CF6CA067}
	EndGlobalSection
EndGlobal
